{
  "nodes": {
    "nixCats": {
      "locked": {
        "lastModified": 1740837766,
        "narHash": "sha256-LKeBL3gjm+Fg2yVDKqB2gIiVnccv4TSUtt5NmQcasrk=",
        "owner": "BirdeeHub",
        "repo": "nixCats-nvim",
        "rev": "83264cfaf7d7438c52db28a95934d87ae45faaae",
        "type": "github"
      },
      "original": {
        "owner": "BirdeeHub",
        "repo": "nixCats-nvim",
        "type": "github"
      }
    },
    "nixpkgs": {
      "locked": {
        "lastModified": 1741037377,
        "narHash": "sha256-SvtvVKHaUX4Owb+PasySwZsoc5VUeTf1px34BByiOxw=",
        "owner": "nixos",
        "repo": "nixpkgs",
        "rev": "02032da4af073d0f6110540c8677f16d4be0117f",
        "type": "github"
      },
      "original": {
        "owner": "nixos",
        "ref": "nixpkgs-unstable",
        "repo": "nixpkgs",
        "type": "github"
      }
    },
    "plugins-doing-nvim": {
      "flake": false,
      "locked": {
        "lastModified": 1741132394,
        "narHash": "sha256-Y1CU3kj8BCe1Kdxp+25giPX9shsCpKUkVdc+f6Ep+4E=",
        "owner": "Hashino",
        "repo": "doing.nvim",
        "rev": "ede7706a6f7edc1011ae23541b5e4aa618ff736b",
        "type": "github"
      },
      "original": {
        "owner": "Hashino",
        "repo": "doing.nvim",
        "type": "github"
      }
    },
    "root": {
      "inputs": {
        "nixCats": "nixCats",
        "nixpkgs": "nixpkgs",
        "plugins-doing-nvim": "plugins-doing-nvim"
      }
    }
  },
  "root": "root",
  "version": 7
}
