{
  "nodes": {
    "nixCats": {
      "locked": {
        "lastModified": 1735395058,
        "narHash": "sha256-/SqVdchMmzcDJhGoZnTQDtGF+MnVh5cAWa06b6swG7E=",
        "owner": "BirdeeHub",
        "repo": "nixCats-nvim",
        "rev": "3f3f3e9ea4e9b69735e06a757eca19ce06a25f80",
        "type": "github"
      },
      "original": {
        "owner": "BirdeeHub",
        "repo": "nixCats-nvim",
        "type": "github"
      }
    },
    "nixpkgs": {
      "locked": {
        "lastModified": 1735915915,
        "narHash": "sha256-Q4HuFAvoKAIiTRZTUxJ0ZXeTC7lLfC9/dggGHNXNlCw=",
        "owner": "nixos",
        "repo": "nixpkgs",
        "rev": "a27871180d30ebee8aa6b11bf7fef8a52f024733",
        "type": "github"
      },
      "original": {
        "owner": "nixos",
        "ref": "nixpkgs-unstable",
        "repo": "nixpkgs",
        "type": "github"
      }
    },
    "plugins-doing-nvim": {
      "flake": false,
      "locked": {
        "lastModified": 1735564897,
        "narHash": "sha256-U9SOKfAi3ZB6dfcaunst50BTvLJIcvBj9n3qjZ16OC4=",
        "owner": "Hashino",
        "repo": "doing.nvim",
        "rev": "e4639e848b1503c14a591e3bfc6862560eeccefb",
        "type": "github"
      },
      "original": {
        "owner": "Hashino",
        "repo": "doing.nvim",
        "type": "github"
      }
    },
    "plugins-snacks-nvim": {
      "flake": false,
      "locked": {
        "lastModified": 1734253168,
        "narHash": "sha256-0RLVkdV/R+9eXRCIj8MbpdAx7Tq4h6aRppEFzZC+ILw=",
        "owner": "folke",
        "repo": "snacks.nvim",
        "rev": "6a837597b3570df88946c69cca7ab810ca7f05f5",
        "type": "github"
      },
      "original": {
        "owner": "folke",
        "ref": "refs/tags/stable",
        "repo": "snacks.nvim",
        "type": "github"
      }
    },
    "root": {
      "inputs": {
        "nixCats": "nixCats",
        "nixpkgs": "nixpkgs",
        "plugins-doing-nvim": "plugins-doing-nvim",
        "plugins-snacks-nvim": "plugins-snacks-nvim"
      }
    }
  },
  "root": "root",
  "version": 7
}
