{
  "nodes": {
    "nixCats": {
      "locked": {
        "lastModified": 1743318686,
        "narHash": "sha256-NwJvPunLJF7DJCw98Ge8iibFrisO5a64niH/fENHfAI=",
        "owner": "BirdeeHub",
        "repo": "nixCats-nvim",
        "rev": "4b75d9d82ad2f95dffd3760473d499a39c0597fe",
        "type": "github"
      },
      "original": {
        "owner": "BirdeeHub",
        "repo": "nixCats-nvim",
        "type": "github"
      }
    },
    "nixpkgs": {
      "locked": {
        "lastModified": 1743259260,
        "narHash": "sha256-ArWLUgRm1tKHiqlhnymyVqi5kLNCK5ghvm06mfCl4QY=",
        "owner": "nixos",
        "repo": "nixpkgs",
        "rev": "eb0e0f21f15c559d2ac7633dc81d079d1caf5f5f",
        "type": "github"
      },
      "original": {
        "owner": "nixos",
        "ref": "nixpkgs-unstable",
        "repo": "nixpkgs",
        "type": "github"
      }
    },
    "plugins-obsidian-nvim": {
      "flake": false,
      "locked": {
        "lastModified": 1741906229,
        "narHash": "sha256-7hXMNKIbXK2Bw2VQEjSu/YUvOfME34AEi9yb83zwVQE=",
        "owner": "obsidian-nvim",
        "repo": "obsidian.nvim",
        "rev": "15b8c5fc730625a3f162817b13db144c5bba3a9f",
        "type": "github"
      },
      "original": {
        "owner": "obsidian-nvim",
        "repo": "obsidian.nvim",
        "type": "github"
      }
    },
    "root": {
      "inputs": {
        "nixCats": "nixCats",
        "nixpkgs": "nixpkgs",
        "plugins-obsidian-nvim": "plugins-obsidian-nvim"
      }
    }
  },
  "root": "root",
  "version": 7
}
